{"filter":false,"title":"Gemfile.lock","tooltip":"/Gemfile.lock","undoManager":{"mark":0,"position":0,"stack":[[{"start":{"row":55,"column":0},"end":{"row":59,"column":0},"action":"remove","lines":["    hashie (1.2.0)","    httparty (0.13.7)","      json (~> 1.8)","      multi_xml (>= 0.5.2)",""],"id":2,"ignore":true},{"start":{"row":68,"column":0},"end":{"row":70,"column":0},"action":"insert","lines":["    materialize-sass (0.97.2)","      sass (~> 3.3)",""]},{"start":{"row":74,"column":0},"end":{"row":75,"column":0},"action":"remove","lines":["    multi_xml (0.5.5)",""]},{"start":{"row":131,"column":0},"end":{"row":134,"column":0},"action":"remove","lines":["    topsy (1.0.1)","      hashie (~> 1.2.0)","      httparty (>= 0.8.1)",""]},{"start":{"row":153,"column":0},"end":{"row":154,"column":0},"action":"insert","lines":["  materialize-sass",""]},{"start":{"row":160,"column":0},"end":{"row":161,"column":0},"action":"remove","lines":["  topsy",""]}]]},"ace":{"folds":[],"scrolltop":0,"scrollleft":0,"selection":{"start":{"row":0,"column":0},"end":{"row":0,"column":0},"isBackwards":false},"options":{"guessTabSize":true,"useWrapMode":false,"wrapToView":true},"firstLineState":0},"timestamp":1447363295079,"hash":"be4e91a10deb20c27d2b5a3078dbbb6481aa77e5"}